
Microsoft Visual Studio Solution File, Format Version 12.00
# Visual Studio Version 17
VisualStudioVersion = 17.7.34031.279
MinimumVisualStudioVersion = 10.0.40219.1
Project("{9A19103F-16F7-4668-BE54-9A1E7A4F7556}") = "WinFormsApp9", "..\..\..\Desktop\formapps-main\WinFormsApp9.csproj", "{6C0AFDC7-6F28-4C3B-82D1-A7287FA05C2F}"
EndProject
Global
	GlobalSection(SolutionConfigurationPlatforms) = preSolution
		Debug|Any CPU = Debug|Any CPU
		Release|Any CPU = Release|Any CPU
	EndGlobalSection
	GlobalSection(ProjectConfigurationPlatforms) = postSolution
		{6C0AFDC7-6F28-4C3B-82D1-A7287FA05C2F}.Debug|Any CPU.ActiveCfg = Debug|Any CPU
		{6C0AFDC7-6F28-4C3B-82D1-A7287FA05C2F}.Debug|Any CPU.Build.0 = Debug|Any CPU
		{6C0AFDC7-6F28-4C3B-82D1-A7287FA05C2F}.Release|Any CPU.ActiveCfg = Release|Any CPU
		{6C0AFDC7-6F28-4C3B-82D1-A7287FA05C2F}.Release|Any CPU.Build.0 = Release|Any CPU
	EndGlobalSection
	GlobalSection(SolutionProperties) = preSolution
		HideSolutionNode = FALSE
	EndGlobalSection
	GlobalSection(ExtensibilityGlobals) = postSolution
		SolutionGuid = {627A8565-3289-4C26-A85C-EE3C60C546C3}
	EndGlobalSection
EndGlobal
